
Microsoft Visual Studio Solution File, Format Version 12.00
# Visual Studio Version 16
VisualStudioVersion = 16.0.30114.105
MinimumVisualStudioVersion = 10.0.40219.1
Project("{FAE04EC0-301F-11D3-BF4B-00C04F79EFBC}") = "DotNetCoreTest", "DotNetCoreTest\DotNetCoreTest.csproj", "{28E9FB85-139F-4A05-B796-A9DCE31D1312}"
EndProject
Global
	GlobalSection(SolutionConfigurationPlatforms) = preSolution
		Debug|Any CPU = Debug|Any CPU
		Release|Any CPU = Release|Any CPU
	EndGlobalSection
	GlobalSection(ProjectConfigurationPlatforms) = postSolution
		{28E9FB85-139F-4A05-B796-A9DCE31D1312}.Debug|Any CPU.ActiveCfg = Debug|Any CPU
		{28E9FB85-139F-4A05-B796-A9DCE31D1312}.Debug|Any CPU.Build.0 = Debug|Any CPU
		{28E9FB85-139F-4A05-B796-A9DCE31D1312}.Release|Any CPU.ActiveCfg = Release|Any CPU
		{28E9FB85-139F-4A05-B796-A9DCE31D1312}.Release|Any CPU.Build.0 = Release|Any CPU
	EndGlobalSection
	GlobalSection(SolutionProperties) = preSolution
		HideSolutionNode = FALSE
	EndGlobalSection
	GlobalSection(ExtensibilityGlobals) = postSolution
		SolutionGuid = {87AD4AF9-6496-44A2-B1AC-B2BEB1921571}
	EndGlobalSection
EndGlobal
